{
  "name": "vue-good-table",
  "version": "1.6.0",
  "lockfileVersion": 1,
  "dependencies": {
    "date-fns": {
      "version": "1.28.5",
      "resolved": "https://registry.npmjs.org/date-fns/-/date-fns-1.28.5.tgz",
      "integrity": "sha1-JXz8RdMi30XvVlhmWWfuhBzXP68="
    },
    "lodash": {
      "version": "4.17.4",
      "resolved": "https://registry.npmjs.org/lodash/-/lodash-4.17.4.tgz",
      "integrity": "sha1-eCA6TRwyiuHYbcpkYONptX9AVa4="
    },
    "stats-webpack-plugin": {
      "version": "0.6.0",
      "resolved": "https://registry.npmjs.org/stats-webpack-plugin/-/stats-webpack-plugin-0.6.0.tgz",
      "integrity": "sha1-BfnkzyUbDQPWOr+TNlsGEo4XRmo="
    }
  }
}
